// !$*UTF8*$!
{
	archiveVersion = 1;
	classes = {
	};
	objectVersion = 46;
	objects = {

/* Begin PBXBuildFile section */
		9E82CADA1B693AE900AF0AEE /* favorite.png in Resources */ = {isa = PBXBuildFile; fileRef = 9E82CAD71B693AE900AF0AEE /* favorite.png */; };
		9E82CADB1B693AE900AF0AEE /* home.png in Resources */ = {isa = PBXBuildFile; fileRef = 9E82CAD81B693AE900AF0AEE /* home.png */; };
		9E82CADC1B693AE900AF0AEE /* shirt.png in Resources */ = {isa = PBXBuildFile; fileRef = 9E82CAD91B693AE900AF0AEE /* shirt.png */; };
		9E82CAE91B69540200AF0AEE /* p0.jpg in Resources */ = {isa = PBXBuildFile; fileRef = 9E82CADD1B69540200AF0AEE /* p0.jpg */; };
		9E82CAEA1B69540200AF0AEE /* p1.jpg in Resources */ = {isa = PBXBuildFile; fileRef = 9E82CADE1B69540200AF0AEE /* p1.jpg */; };
		9E82CAEB1B69540200AF0AEE /* p2.jpg in Resources */ = {isa = PBXBuildFile; fileRef = 9E82CADF1B69540200AF0AEE /* p2.jpg */; };
		9E82CAED1B69540200AF0AEE /* p4.jpg in Resources */ = {isa = PBXBuildFile; fileRef = 9E82CAE11B69540200AF0AEE /* p4.jpg */; };
		9E82CAEE1B69540200AF0AEE /* p5.jpg in Resources */ = {isa = PBXBuildFile; fileRef = 9E82CAE21B69540200AF0AEE /* p5.jpg */; };
		9E82CAEF1B69540200AF0AEE /* s0.jpg in Resources */ = {isa = PBXBuildFile; fileRef = 9E82CAE31B69540200AF0AEE /* s0.jpg */; };
		9E82CAF01B69540200AF0AEE /* s1.jpg in Resources */ = {isa = PBXBuildFile; fileRef = 9E82CAE41B69540200AF0AEE /* s1.jpg */; };
		9E82CAF11B69540200AF0AEE /* s2.jpg in Resources */ = {isa = PBXBuildFile; fileRef = 9E82CAE51B69540200AF0AEE /* s2.jpg */; };
		9E82CAF21B69540200AF0AEE /* s3.jpg in Resources */ = {isa = PBXBuildFile; fileRef = 9E82CAE61B69540200AF0AEE /* s3.jpg */; };
		9E82CAF31B69540200AF0AEE /* s4.jpg in Resources */ = {isa = PBXBuildFile; fileRef = 9E82CAE71B69540200AF0AEE /* s4.jpg */; };
		9E82CAF41B69540200AF0AEE /* s5.jpg in Resources */ = {isa = PBXBuildFile; fileRef = 9E82CAE81B69540200AF0AEE /* s5.jpg */; };
		9EA5537B1B663E10001D6AFE /* main.m in Sources */ = {isa = PBXBuildFile; fileRef = 9EA5537A1B663E10001D6AFE /* main.m */; };
		9EA5537E1B663E10001D6AFE /* AppDelegate.m in Sources */ = {isa = PBXBuildFile; fileRef = 9EA5537D1B663E10001D6AFE /* AppDelegate.m */; };
		9EA553811B663E10001D6AFE /* LoginViewController.m in Sources */ = {isa = PBXBuildFile; fileRef = 9EA553801B663E10001D6AFE /* LoginViewController.m */; };
		9EA553841B663E10001D6AFE /* Main.storyboard in Resources */ = {isa = PBXBuildFile; fileRef = 9EA553821B663E10001D6AFE /* Main.storyboard */; };
		9EA553861B663E10001D6AFE /* Images.xcassets in Resources */ = {isa = PBXBuildFile; fileRef = 9EA553851B663E10001D6AFE /* Images.xcassets */; };
		9EA553891B663E10001D6AFE /* LaunchScreen.xib in Resources */ = {isa = PBXBuildFile; fileRef = 9EA553871B663E10001D6AFE /* LaunchScreen.xib */; };
		9EA553951B663E10001D6AFE /* iWardrobeTests.m in Sources */ = {isa = PBXBuildFile; fileRef = 9EA553941B663E10001D6AFE /* iWardrobeTests.m */; };
		9EA553AE1B6648C0001D6AFE /* FBSDKCoreKit.framework in Frameworks */ = {isa = PBXBuildFile; fileRef = 9EA553AB1B6648C0001D6AFE /* FBSDKCoreKit.framework */; };
		9EA553AF1B6648C0001D6AFE /* FBSDKLoginKit.framework in Frameworks */ = {isa = PBXBuildFile; fileRef = 9EA553AC1B6648C0001D6AFE /* FBSDKLoginKit.framework */; };
		9EA553B01B6648C0001D6AFE /* FBSDKShareKit.framework in Frameworks */ = {isa = PBXBuildFile; fileRef = 9EA553AD1B6648C0001D6AFE /* FBSDKShareKit.framework */; };
		9EBDD9DE1B67E0AF00F9C0F4 /* MainVC.m in Sources */ = {isa = PBXBuildFile; fileRef = 9EBDD9DD1B67E0AF00F9C0F4 /* MainVC.m */; };
		9EBDD9E11B67E19000F9C0F4 /* AMSlideMenuMainViewController.m in Sources */ = {isa = PBXBuildFile; fileRef = 9EBDD9E01B67E19000F9C0F4 /* AMSlideMenuMainViewController.m */; };
		9EBDD9E41B67E2C300F9C0F4 /* AMSlideMenuLeftMenuSegue.m in Sources */ = {isa = PBXBuildFile; fileRef = 9EBDD9E31B67E2C300F9C0F4 /* AMSlideMenuLeftMenuSegue.m */; };
		9EBDD9E81B67E33B00F9C0F4 /* AMSlideMenuLeftTableViewController.m in Sources */ = {isa = PBXBuildFile; fileRef = 9EBDD9E71B67E33B00F9C0F4 /* AMSlideMenuLeftTableViewController.m */; };
		9EBDD9EB1B67E37D00F9C0F4 /* AMSlideMenuContentSegue.m in Sources */ = {isa = PBXBuildFile; fileRef = 9EBDD9EA1B67E37D00F9C0F4 /* AMSlideMenuContentSegue.m */; };
		9EBDD9EE1B67E40000F9C0F4 /* AMSlideMenuRightMenuSegue.m in Sources */ = {isa = PBXBuildFile; fileRef = 9EBDD9ED1B67E40000F9C0F4 /* AMSlideMenuRightMenuSegue.m */; };
		9EBDD9F11B67E43200F9C0F4 /* AMSlideMenuRightTableViewController.m in Sources */ = {isa = PBXBuildFile; fileRef = 9EBDD9F01B67E43200F9C0F4 /* AMSlideMenuRightTableViewController.m */; };
		9EBDD9F81B67E82F00F9C0F4 /* UIColor+CreateMethods.m in Sources */ = {isa = PBXBuildFile; fileRef = 9EBDD9F71B67E82F00F9C0F4 /* UIColor+CreateMethods.m */; };
		9EBDD9FB1B67EB5600F9C0F4 /* LeftMenuVC.m in Sources */ = {isa = PBXBuildFile; fileRef = 9EBDD9FA1B67EB5600F9C0F4 /* LeftMenuVC.m */; };
		9ED4E34C1B6E4E8A000FAD80 /* p3.jpg in Resources */ = {isa = PBXBuildFile; fileRef = 9ED4E34B1B6E4E8A000FAD80 /* p3.jpg */; };
		9ED74F701B67FE4F00184459 /* Slide1Home.m in Sources */ = {isa = PBXBuildFile; fileRef = 9ED74F6F1B67FE4F00184459 /* Slide1Home.m */; };
		9ED74F7B1B68040300184459 /* simpleMenuButton.png in Resources */ = {isa = PBXBuildFile; fileRef = 9ED74F791B68040300184459 /* simpleMenuButton.png */; };
		9ED74F7C1B68040300184459 /* simpleMenuButton@2x.png in Resources */ = {isa = PBXBuildFile; fileRef = 9ED74F7A1B68040300184459 /* simpleMenuButton@2x.png */; };
		9EE855061B6CCEA2004A470F /* apparelViewController.m in Sources */ = {isa = PBXBuildFile; fileRef = 9EE855051B6CCEA2004A470F /* apparelViewController.m */; };
/* End PBXBuildFile section */

/* Begin PBXContainerItemProxy section */
		9EA5538F1B663E10001D6AFE /* PBXContainerItemProxy */ = {
			isa = PBXContainerItemProxy;
			containerPortal = 9EA5536D1B663E10001D6AFE /* Project object */;
			proxyType = 1;
			remoteGlobalIDString = 9EA553741B663E10001D6AFE;
			remoteInfo = iWardrobe;
		};
/* End PBXContainerItemProxy section */

/* Begin PBXFileReference section */
		9E82CAD71B693AE900AF0AEE /* favorite.png */ = {isa = PBXFileReference; lastKnownFileType = image.png; path = favorite.png; sourceTree = "<group>"; };
		9E82CAD81B693AE900AF0AEE /* home.png */ = {isa = PBXFileReference; lastKnownFileType = image.png; path = home.png; sourceTree = "<group>"; };
		9E82CAD91B693AE900AF0AEE /* shirt.png */ = {isa = PBXFileReference; lastKnownFileType = image.png; path = shirt.png; sourceTree = "<group>"; };
		9E82CADD1B69540200AF0AEE /* p0.jpg */ = {isa = PBXFileReference; lastKnownFileType = image.jpeg; path = p0.jpg; sourceTree = "<group>"; };
		9E82CADE1B69540200AF0AEE /* p1.jpg */ = {isa = PBXFileReference; lastKnownFileType = image.jpeg; path = p1.jpg; sourceTree = "<group>"; };
		9E82CADF1B69540200AF0AEE /* p2.jpg */ = {isa = PBXFileReference; lastKnownFileType = image.jpeg; path = p2.jpg; sourceTree = "<group>"; };
		9E82CAE11B69540200AF0AEE /* p4.jpg */ = {isa = PBXFileReference; lastKnownFileType = image.jpeg; path = p4.jpg; sourceTree = "<group>"; };
		9E82CAE21B69540200AF0AEE /* p5.jpg */ = {isa = PBXFileReference; lastKnownFileType = image.jpeg; path = p5.jpg; sourceTree = "<group>"; };
		9E82CAE31B69540200AF0AEE /* s0.jpg */ = {isa = PBXFileReference; lastKnownFileType = image.jpeg; path = s0.jpg; sourceTree = "<group>"; };
		9E82CAE41B69540200AF0AEE /* s1.jpg */ = {isa = PBXFileReference; lastKnownFileType = image.jpeg; path = s1.jpg; sourceTree = "<group>"; };
		9E82CAE51B69540200AF0AEE /* s2.jpg */ = {isa = PBXFileReference; lastKnownFileType = image.jpeg; path = s2.jpg; sourceTree = "<group>"; };
		9E82CAE61B69540200AF0AEE /* s3.jpg */ = {isa = PBXFileReference; lastKnownFileType = image.jpeg; path = s3.jpg; sourceTree = "<group>"; };
		9E82CAE71B69540200AF0AEE /* s4.jpg */ = {isa = PBXFileReference; lastKnownFileType = image.jpeg; path = s4.jpg; sourceTree = "<group>"; };
		9E82CAE81B69540200AF0AEE /* s5.jpg */ = {isa = PBXFileReference; lastKnownFileType = image.jpeg; path = s5.jpg; sourceTree = "<group>"; };
		9EA553751B663E10001D6AFE /* iWardrobe.app */ = {isa = PBXFileReference; explicitFileType = wrapper.application; includeInIndex = 0; path = iWardrobe.app; sourceTree = BUILT_PRODUCTS_DIR; };
		9EA553791B663E10001D6AFE /* Info.plist */ = {isa = PBXFileReference; lastKnownFileType = text.plist.xml; path = Info.plist; sourceTree = "<group>"; };
		9EA5537A1B663E10001D6AFE /* main.m */ = {isa = PBXFileReference; lastKnownFileType = sourcecode.c.objc; path = main.m; sourceTree = "<group>"; };
		9EA5537C1B663E10001D6AFE /* AppDelegate.h */ = {isa = PBXFileReference; lastKnownFileType = sourcecode.c.h; path = AppDelegate.h; sourceTree = "<group>"; };
		9EA5537D1B663E10001D6AFE /* AppDelegate.m */ = {isa = PBXFileReference; lastKnownFileType = sourcecode.c.objc; path = AppDelegate.m; sourceTree = "<group>"; };
		9EA5537F1B663E10001D6AFE /* LoginViewController.h */ = {isa = PBXFileReference; lastKnownFileType = sourcecode.c.h; path = LoginViewController.h; sourceTree = "<group>"; };
		9EA553801B663E10001D6AFE /* LoginViewController.m */ = {isa = PBXFileReference; lastKnownFileType = sourcecode.c.objc; path = LoginViewController.m; sourceTree = "<group>"; };
		9EA553831B663E10001D6AFE /* Base */ = {isa = PBXFileReference; lastKnownFileType = file.storyboard; name = Base; path = Base.lproj/Main.storyboard; sourceTree = "<group>"; };
		9EA553851B663E10001D6AFE /* Images.xcassets */ = {isa = PBXFileReference; lastKnownFileType = folder.assetcatalog; path = Images.xcassets; sourceTree = "<group>"; };
		9EA553881B663E10001D6AFE /* Base */ = {isa = PBXFileReference; lastKnownFileType = file.xib; name = Base; path = Base.lproj/LaunchScreen.xib; sourceTree = "<group>"; };
		9EA5538E1B663E10001D6AFE /* iWardrobeTests.xctest */ = {isa = PBXFileReference; explicitFileType = wrapper.cfbundle; includeInIndex = 0; path = iWardrobeTests.xctest; sourceTree = BUILT_PRODUCTS_DIR; };
		9EA553931B663E10001D6AFE /* Info.plist */ = {isa = PBXFileReference; lastKnownFileType = text.plist.xml; path = Info.plist; sourceTree = "<group>"; };
		9EA553941B663E10001D6AFE /* iWardrobeTests.m */ = {isa = PBXFileReference; lastKnownFileType = sourcecode.c.objc; path = iWardrobeTests.m; sourceTree = "<group>"; };
		9EA553AB1B6648C0001D6AFE /* FBSDKCoreKit.framework */ = {isa = PBXFileReference; lastKnownFileType = wrapper.framework; path = FBSDKCoreKit.framework; sourceTree = "<group>"; };
		9EA553AC1B6648C0001D6AFE /* FBSDKLoginKit.framework */ = {isa = PBXFileReference; lastKnownFileType = wrapper.framework; path = FBSDKLoginKit.framework; sourceTree = "<group>"; };
		9EA553AD1B6648C0001D6AFE /* FBSDKShareKit.framework */ = {isa = PBXFileReference; lastKnownFileType = wrapper.framework; path = FBSDKShareKit.framework; sourceTree = "<group>"; };
		9EBDD9DC1B67E0AF00F9C0F4 /* MainVC.h */ = {isa = PBXFileReference; fileEncoding = 4; lastKnownFileType = sourcecode.c.h; path = MainVC.h; sourceTree = "<group>"; };
		9EBDD9DD1B67E0AF00F9C0F4 /* MainVC.m */ = {isa = PBXFileReference; fileEncoding = 4; lastKnownFileType = sourcecode.c.objc; path = MainVC.m; sourceTree = "<group>"; };
		9EBDD9DF1B67E19000F9C0F4 /* AMSlideMenuMainViewController.h */ = {isa = PBXFileReference; fileEncoding = 4; lastKnownFileType = sourcecode.c.h; path = AMSlideMenuMainViewController.h; sourceTree = "<group>"; };
		9EBDD9E01B67E19000F9C0F4 /* AMSlideMenuMainViewController.m */ = {isa = PBXFileReference; fileEncoding = 4; lastKnownFileType = sourcecode.c.objc; path = AMSlideMenuMainViewController.m; sourceTree = "<group>"; };
		9EBDD9E21B67E2C300F9C0F4 /* AMSlideMenuLeftMenuSegue.h */ = {isa = PBXFileReference; fileEncoding = 4; lastKnownFileType = sourcecode.c.h; path = AMSlideMenuLeftMenuSegue.h; sourceTree = "<group>"; };
		9EBDD9E31B67E2C300F9C0F4 /* AMSlideMenuLeftMenuSegue.m */ = {isa = PBXFileReference; fileEncoding = 4; lastKnownFileType = sourcecode.c.objc; path = AMSlideMenuLeftMenuSegue.m; sourceTree = "<group>"; };
		9EBDD9E51B67E2ED00F9C0F4 /* AMSlideMenuProtocols.h */ = {isa = PBXFileReference; fileEncoding = 4; lastKnownFileType = sourcecode.c.h; path = AMSlideMenuProtocols.h; sourceTree = "<group>"; };
		9EBDD9E61B67E33B00F9C0F4 /* AMSlideMenuLeftTableViewController.h */ = {isa = PBXFileReference; fileEncoding = 4; lastKnownFileType = sourcecode.c.h; path = AMSlideMenuLeftTableViewController.h; sourceTree = "<group>"; };
		9EBDD9E71B67E33B00F9C0F4 /* AMSlideMenuLeftTableViewController.m */ = {isa = PBXFileReference; fileEncoding = 4; lastKnownFileType = sourcecode.c.objc; path = AMSlideMenuLeftTableViewController.m; sourceTree = "<group>"; };
		9EBDD9E91B67E37D00F9C0F4 /* AMSlideMenuContentSegue.h */ = {isa = PBXFileReference; fileEncoding = 4; lastKnownFileType = sourcecode.c.h; path = AMSlideMenuContentSegue.h; sourceTree = "<group>"; };
		9EBDD9EA1B67E37D00F9C0F4 /* AMSlideMenuContentSegue.m */ = {isa = PBXFileReference; fileEncoding = 4; lastKnownFileType = sourcecode.c.objc; path = AMSlideMenuContentSegue.m; sourceTree = "<group>"; };
		9EBDD9EC1B67E40000F9C0F4 /* AMSlideMenuRightMenuSegue.h */ = {isa = PBXFileReference; fileEncoding = 4; lastKnownFileType = sourcecode.c.h; path = AMSlideMenuRightMenuSegue.h; sourceTree = "<group>"; };
		9EBDD9ED1B67E40000F9C0F4 /* AMSlideMenuRightMenuSegue.m */ = {isa = PBXFileReference; fileEncoding = 4; lastKnownFileType = sourcecode.c.objc; path = AMSlideMenuRightMenuSegue.m; sourceTree = "<group>"; };
		9EBDD9EF1B67E43200F9C0F4 /* AMSlideMenuRightTableViewController.h */ = {isa = PBXFileReference; fileEncoding = 4; lastKnownFileType = sourcecode.c.h; path = AMSlideMenuRightTableViewController.h; sourceTree = "<group>"; };
		9EBDD9F01B67E43200F9C0F4 /* AMSlideMenuRightTableViewController.m */ = {isa = PBXFileReference; fileEncoding = 4; lastKnownFileType = sourcecode.c.objc; path = AMSlideMenuRightTableViewController.m; sourceTree = "<group>"; };
		9EBDD9F61B67E82F00F9C0F4 /* UIColor+CreateMethods.h */ = {isa = PBXFileReference; fileEncoding = 4; lastKnownFileType = sourcecode.c.h; path = "UIColor+CreateMethods.h"; sourceTree = "<group>"; };
		9EBDD9F71B67E82F00F9C0F4 /* UIColor+CreateMethods.m */ = {isa = PBXFileReference; fileEncoding = 4; lastKnownFileType = sourcecode.c.objc; path = "UIColor+CreateMethods.m"; sourceTree = "<group>"; };
		9EBDD9F91B67EB5600F9C0F4 /* LeftMenuVC.h */ = {isa = PBXFileReference; fileEncoding = 4; lastKnownFileType = sourcecode.c.h; path = LeftMenuVC.h; sourceTree = "<group>"; };
		9EBDD9FA1B67EB5600F9C0F4 /* LeftMenuVC.m */ = {isa = PBXFileReference; fileEncoding = 4; lastKnownFileType = sourcecode.c.objc; path = LeftMenuVC.m; sourceTree = "<group>"; };
		9ED4E34B1B6E4E8A000FAD80 /* p3.jpg */ = {isa = PBXFileReference; lastKnownFileType = image.jpeg; path = p3.jpg; sourceTree = "<group>"; };
		9ED74F6E1B67FE4F00184459 /* Slide1Home.h */ = {isa = PBXFileReference; fileEncoding = 4; lastKnownFileType = sourcecode.c.h; path = Slide1Home.h; sourceTree = "<group>"; };
		9ED74F6F1B67FE4F00184459 /* Slide1Home.m */ = {isa = PBXFileReference; fileEncoding = 4; lastKnownFileType = sourcecode.c.objc; path = Slide1Home.m; sourceTree = "<group>"; };
		9ED74F791B68040300184459 /* simpleMenuButton.png */ = {isa = PBXFileReference; lastKnownFileType = image.png; path = simpleMenuButton.png; sourceTree = "<group>"; };
		9ED74F7A1B68040300184459 /* simpleMenuButton@2x.png */ = {isa = PBXFileReference; lastKnownFileType = image.png; path = "simpleMenuButton@2x.png"; sourceTree = "<group>"; };
		9EE855041B6CCE89004A470F /* apparelViewController.h */ = {isa = PBXFileReference; lastKnownFileType = sourcecode.c.h; path = apparelViewController.h; sourceTree = "<group>"; };
		9EE855051B6CCEA2004A470F /* apparelViewController.m */ = {isa = PBXFileReference; fileEncoding = 4; lastKnownFileType = sourcecode.c.objc; path = apparelViewController.m; sourceTree = "<group>"; };
/* End PBXFileReference section */

/* Begin PBXFrameworksBuildPhase section */
		9EA553721B663E10001D6AFE /* Frameworks */ = {
			isa = PBXFrameworksBuildPhase;
			buildActionMask = 2147483647;
			files = (
				9EA553AF1B6648C0001D6AFE /* FBSDKLoginKit.framework in Frameworks */,
				9EA553AE1B6648C0001D6AFE /* FBSDKCoreKit.framework in Frameworks */,
				9EA553B01B6648C0001D6AFE /* FBSDKShareKit.framework in Frameworks */,
			);
			runOnlyForDeploymentPostprocessing = 0;
		};
		9EA5538B1B663E10001D6AFE /* Frameworks */ = {
			isa = PBXFrameworksBuildPhase;
			buildActionMask = 2147483647;
			files = (
			);
			runOnlyForDeploymentPostprocessing = 0;
		};
/* End PBXFrameworksBuildPhase section */

/* Begin PBXGroup section */
		9E82CAD61B693AC300AF0AEE /* Images */ = {
			isa = PBXGroup;
			children = (
				9E82CADD1B69540200AF0AEE /* p0.jpg */,
				9E82CADE1B69540200AF0AEE /* p1.jpg */,
				9E82CADF1B69540200AF0AEE /* p2.jpg */,
				9ED4E34B1B6E4E8A000FAD80 /* p3.jpg */,
				9E82CAE11B69540200AF0AEE /* p4.jpg */,
				9E82CAE21B69540200AF0AEE /* p5.jpg */,
				9E82CAE31B69540200AF0AEE /* s0.jpg */,
				9E82CAE41B69540200AF0AEE /* s1.jpg */,
				9E82CAE51B69540200AF0AEE /* s2.jpg */,
				9E82CAE61B69540200AF0AEE /* s3.jpg */,
				9E82CAE71B69540200AF0AEE /* s4.jpg */,
				9E82CAE81B69540200AF0AEE /* s5.jpg */,
				9E82CAD71B693AE900AF0AEE /* favorite.png */,
				9E82CAD81B693AE900AF0AEE /* home.png */,
				9E82CAD91B693AE900AF0AEE /* shirt.png */,
				9ED74F791B68040300184459 /* simpleMenuButton.png */,
				9ED74F7A1B68040300184459 /* simpleMenuButton@2x.png */,
			);
			name = Images;
			sourceTree = "<group>";
		};
		9EA5536C1B663E10001D6AFE = {
			isa = PBXGroup;
			children = (
				9EA553AA1B66489A001D6AFE /* Framework */,
				9EA553771B663E10001D6AFE /* iWardrobe */,
				9EA553911B663E10001D6AFE /* iWardrobeTests */,
				9EA553761B663E10001D6AFE /* Products */,
			);
			sourceTree = "<group>";
		};
		9EA553761B663E10001D6AFE /* Products */ = {
			isa = PBXGroup;
			children = (
				9EA553751B663E10001D6AFE /* iWardrobe.app */,
				9EA5538E1B663E10001D6AFE /* iWardrobeTests.xctest */,
			);
			name = Products;
			sourceTree = "<group>";
		};
		9EA553771B663E10001D6AFE /* iWardrobe */ = {
			isa = PBXGroup;
			children = (
				9EBDD9DB1B67E03100F9C0F4 /* View Controllers */,
				9EBDD9DA1B67DE7500F9C0F4 /* AMSlideMenu */,
				9EA5537C1B663E10001D6AFE /* AppDelegate.h */,
				9EA5537D1B663E10001D6AFE /* AppDelegate.m */,
				9EA5537F1B663E10001D6AFE /* LoginViewController.h */,
				9EA553801B663E10001D6AFE /* LoginViewController.m */,
				9EA553821B663E10001D6AFE /* Main.storyboard */,
				9EA553851B663E10001D6AFE /* Images.xcassets */,
				9EA553871B663E10001D6AFE /* LaunchScreen.xib */,
				9EA553781B663E10001D6AFE /* Supporting Files */,
			);
			path = iWardrobe;
			sourceTree = "<group>";
		};
		9EA553781B663E10001D6AFE /* Supporting Files */ = {
			isa = PBXGroup;
			children = (
				9E82CAD61B693AC300AF0AEE /* Images */,
				9EA553791B663E10001D6AFE /* Info.plist */,
				9EA5537A1B663E10001D6AFE /* main.m */,
			);
			name = "Supporting Files";
			sourceTree = "<group>";
		};
		9EA553911B663E10001D6AFE /* iWardrobeTests */ = {
			isa = PBXGroup;
			children = (
				9EA553941B663E10001D6AFE /* iWardrobeTests.m */,
				9EA553921B663E10001D6AFE /* Supporting Files */,
			);
			path = iWardrobeTests;
			sourceTree = "<group>";
		};
		9EA553921B663E10001D6AFE /* Supporting Files */ = {
			isa = PBXGroup;
			children = (
				9EA553931B663E10001D6AFE /* Info.plist */,
			);
			name = "Supporting Files";
			sourceTree = "<group>";
		};
		9EA553AA1B66489A001D6AFE /* Framework */ = {
			isa = PBXGroup;
			children = (
				9EA553AB1B6648C0001D6AFE /* FBSDKCoreKit.framework */,
				9EA553AC1B6648C0001D6AFE /* FBSDKLoginKit.framework */,
				9EA553AD1B6648C0001D6AFE /* FBSDKShareKit.framework */,
			);
			name = Framework;
			sourceTree = "<group>";
		};
		9EBDD9DA1B67DE7500F9C0F4 /* AMSlideMenu */ = {
			isa = PBXGroup;
			children = (
				9EBDD9EF1B67E43200F9C0F4 /* AMSlideMenuRightTableViewController.h */,
				9EBDD9F01B67E43200F9C0F4 /* AMSlideMenuRightTableViewController.m */,
				9EBDD9EC1B67E40000F9C0F4 /* AMSlideMenuRightMenuSegue.h */,
				9EBDD9ED1B67E40000F9C0F4 /* AMSlideMenuRightMenuSegue.m */,
				9EBDD9E91B67E37D00F9C0F4 /* AMSlideMenuContentSegue.h */,
				9EBDD9EA1B67E37D00F9C0F4 /* AMSlideMenuContentSegue.m */,
				9EBDD9E61B67E33B00F9C0F4 /* AMSlideMenuLeftTableViewController.h */,
				9EBDD9E71B67E33B00F9C0F4 /* AMSlideMenuLeftTableViewController.m */,
				9EBDD9E51B67E2ED00F9C0F4 /* AMSlideMenuProtocols.h */,
				9EBDD9E21B67E2C300F9C0F4 /* AMSlideMenuLeftMenuSegue.h */,
				9EBDD9E31B67E2C300F9C0F4 /* AMSlideMenuLeftMenuSegue.m */,
				9EBDD9DF1B67E19000F9C0F4 /* AMSlideMenuMainViewController.h */,
				9EBDD9E01B67E19000F9C0F4 /* AMSlideMenuMainViewController.m */,
			);
			name = AMSlideMenu;
			sourceTree = "<group>";
		};
		9EBDD9DB1B67E03100F9C0F4 /* View Controllers */ = {
			isa = PBXGroup;
			children = (
				9EE855031B6CCE16004A470F /* Apparel Controllers */,
				9EBDD9F91B67EB5600F9C0F4 /* LeftMenuVC.h */,
				9ED74F6E1B67FE4F00184459 /* Slide1Home.h */,
				9ED74F6F1B67FE4F00184459 /* Slide1Home.m */,
				9EBDD9FA1B67EB5600F9C0F4 /* LeftMenuVC.m */,
				9EBDD9F51B67E7FC00F9C0F4 /* Categories */,
				9EBDD9DC1B67E0AF00F9C0F4 /* MainVC.h */,
				9EBDD9DD1B67E0AF00F9C0F4 /* MainVC.m */,
			);
			name = "View Controllers";
			sourceTree = "<group>";
		};
		9EBDD9F51B67E7FC00F9C0F4 /* Categories */ = {
			isa = PBXGroup;
			children = (
				9EBDD9F61B67E82F00F9C0F4 /* UIColor+CreateMethods.h */,
				9EBDD9F71B67E82F00F9C0F4 /* UIColor+CreateMethods.m */,
			);
			name = Categories;
			sourceTree = "<group>";
		};
		9EE855031B6CCE16004A470F /* Apparel Controllers */ = {
			isa = PBXGroup;
			children = (
				9EE855041B6CCE89004A470F /* apparelViewController.h */,
				9EE855051B6CCEA2004A470F /* apparelViewController.m */,
			);
			name = "Apparel Controllers";
			sourceTree = "<group>";
		};
/* End PBXGroup section */

/* Begin PBXNativeTarget section */
		9EA553741B663E10001D6AFE /* iWardrobe */ = {
			isa = PBXNativeTarget;
			buildConfigurationList = 9EA553981B663E10001D6AFE /* Build configuration list for PBXNativeTarget "iWardrobe" */;
			buildPhases = (
				9EA553711B663E10001D6AFE /* Sources */,
				9EA553721B663E10001D6AFE /* Frameworks */,
				9EA553731B663E10001D6AFE /* Resources */,
			);
			buildRules = (
			);
			dependencies = (
			);
			name = iWardrobe;
			productName = iWardrobe;
			productReference = 9EA553751B663E10001D6AFE /* iWardrobe.app */;
			productType = "com.apple.product-type.application";
		};
		9EA5538D1B663E10001D6AFE /* iWardrobeTests */ = {
			isa = PBXNativeTarget;
			buildConfigurationList = 9EA5539B1B663E10001D6AFE /* Build configuration list for PBXNativeTarget "iWardrobeTests" */;
			buildPhases = (
				9EA5538A1B663E10001D6AFE /* Sources */,
				9EA5538B1B663E10001D6AFE /* Frameworks */,
				9EA5538C1B663E10001D6AFE /* Resources */,
			);
			buildRules = (
			);
			dependencies = (
				9EA553901B663E10001D6AFE /* PBXTargetDependency */,
			);
			name = iWardrobeTests;
			productName = iWardrobeTests;
			productReference = 9EA5538E1B663E10001D6AFE /* iWardrobeTests.xctest */;
			productType = "com.apple.product-type.bundle.unit-test";
		};
/* End PBXNativeTarget section */

/* Begin PBXProject section */
		9EA5536D1B663E10001D6AFE /* Project object */ = {
			isa = PBXProject;
			attributes = {
				LastUpgradeCheck = 0640;
				ORGANIZATIONNAME = Karan;
				TargetAttributes = {
					9EA553741B663E10001D6AFE = {
						CreatedOnToolsVersion = 6.4;
					};
					9EA5538D1B663E10001D6AFE = {
						CreatedOnToolsVersion = 6.4;
						TestTargetID = 9EA553741B663E10001D6AFE;
					};
				};
			};
			buildConfigurationList = 9EA553701B663E10001D6AFE /* Build configuration list for PBXProject "iWardrobe" */;
			compatibilityVersion = "Xcode 3.2";
			developmentRegion = English;
			hasScannedForEncodings = 0;
			knownRegions = (
				en,
				Base,
			);
			mainGroup = 9EA5536C1B663E10001D6AFE;
			productRefGroup = 9EA553761B663E10001D6AFE /* Products */;
			projectDirPath = "";
			projectRoot = "";
			targets = (
				9EA553741B663E10001D6AFE /* iWardrobe */,
				9EA5538D1B663E10001D6AFE /* iWardrobeTests */,
			);
		};
/* End PBXProject section */

/* Begin PBXResourcesBuildPhase section */
		9EA553731B663E10001D6AFE /* Resources */ = {
			isa = PBXResourcesBuildPhase;
			buildActionMask = 2147483647;
			files = (
				9ED4E34C1B6E4E8A000FAD80 /* p3.jpg in Resources */,
				9E82CAED1B69540200AF0AEE /* p4.jpg in Resources */,
				9EA553841B663E10001D6AFE /* Main.storyboard in Resources */,
				9E82CADA1B693AE900AF0AEE /* favorite.png in Resources */,
				9E82CAEB1B69540200AF0AEE /* p2.jpg in Resources */,
				9E82CAF11B69540200AF0AEE /* s2.jpg in Resources */,
				9E82CADB1B693AE900AF0AEE /* home.png in Resources */,
				9E82CAF01B69540200AF0AEE /* s1.jpg in Resources */,
				9ED74F7B1B68040300184459 /* simpleMenuButton.png in Resources */,
				9E82CAF31B69540200AF0AEE /* s4.jpg in Resources */,
				9E82CAF41B69540200AF0AEE /* s5.jpg in Resources */,
				9E82CAE91B69540200AF0AEE /* p0.jpg in Resources */,
				9E82CAEE1B69540200AF0AEE /* p5.jpg in Resources */,
				9E82CAEA1B69540200AF0AEE /* p1.jpg in Resources */,
				9EA553891B663E10001D6AFE /* LaunchScreen.xib in Resources */,
				9EA553861B663E10001D6AFE /* Images.xcassets in Resources */,
				9E82CADC1B693AE900AF0AEE /* shirt.png in Resources */,
				9ED74F7C1B68040300184459 /* simpleMenuButton@2x.png in Resources */,
				9E82CAEF1B69540200AF0AEE /* s0.jpg in Resources */,
				9E82CAF21B69540200AF0AEE /* s3.jpg in Resources */,
			);
			runOnlyForDeploymentPostprocessing = 0;
		};
		9EA5538C1B663E10001D6AFE /* Resources */ = {
			isa = PBXResourcesBuildPhase;
			buildActionMask = 2147483647;
			files = (
			);
			runOnlyForDeploymentPostprocessing = 0;
		};
/* End PBXResourcesBuildPhase section */

/* Begin PBXSourcesBuildPhase section */
		9EA553711B663E10001D6AFE /* Sources */ = {
			isa = PBXSourcesBuildPhase;
			buildActionMask = 2147483647;
			files = (
				9EBDD9FB1B67EB5600F9C0F4 /* LeftMenuVC.m in Sources */,
				9EBDD9EE1B67E40000F9C0F4 /* AMSlideMenuRightMenuSegue.m in Sources */,
				9EA553811B663E10001D6AFE /* LoginViewController.m in Sources */,
				9EBDD9DE1B67E0AF00F9C0F4 /* MainVC.m in Sources */,
				9EBDD9F11B67E43200F9C0F4 /* AMSlideMenuRightTableViewController.m in Sources */,
				9EA5537E1B663E10001D6AFE /* AppDelegate.m in Sources */,
				9EA5537B1B663E10001D6AFE /* main.m in Sources */,
				9EBDD9EB1B67E37D00F9C0F4 /* AMSlideMenuContentSegue.m in Sources */,
				9EBDD9F81B67E82F00F9C0F4 /* UIColor+CreateMethods.m in Sources */,
				9EBDD9E81B67E33B00F9C0F4 /* AMSlideMenuLeftTableViewController.m in Sources */,
				9EBDD9E41B67E2C300F9C0F4 /* AMSlideMenuLeftMenuSegue.m in Sources */,
				9EBDD9E11B67E19000F9C0F4 /* AMSlideMenuMainViewController.m in Sources */,
				9EE855061B6CCEA2004A470F /* apparelViewController.m in Sources */,
				9ED74F701B67FE4F00184459 /* Slide1Home.m in Sources */,
			);
			runOnlyForDeploymentPostprocessing = 0;
		};
		9EA5538A1B663E10001D6AFE /* Sources */ = {
			isa = PBXSourcesBuildPhase;
			buildActionMask = 2147483647;
			files = (
				9EA553951B663E10001D6AFE /* iWardrobeTests.m in Sources */,
			);
			runOnlyForDeploymentPostprocessing = 0;
		};
/* End PBXSourcesBuildPhase section */

/* Begin PBXTargetDependency section */
		9EA553901B663E10001D6AFE /* PBXTargetDependency */ = {
			isa = PBXTargetDependency;
			target = 9EA553741B663E10001D6AFE /* iWardrobe */;
			targetProxy = 9EA5538F1B663E10001D6AFE /* PBXContainerItemProxy */;
		};
/* End PBXTargetDependency section */

/* Begin PBXVariantGroup section */
		9EA553821B663E10001D6AFE /* Main.storyboard */ = {
			isa = PBXVariantGroup;
			children = (
				9EA553831B663E10001D6AFE /* Base */,
			);
			name = Main.storyboard;
			sourceTree = "<group>";
		};
		9EA553871B663E10001D6AFE /* LaunchScreen.xib */ = {
			isa = PBXVariantGroup;
			children = (
				9EA553881B663E10001D6AFE /* Base */,
			);
			name = LaunchScreen.xib;
			sourceTree = "<group>";
		};
/* End PBXVariantGroup section */

/* Begin XCBuildConfiguration section */
		9EA553961B663E10001D6AFE /* Debug */ = {
			isa = XCBuildConfiguration;
			buildSettings = {
				ALWAYS_SEARCH_USER_PATHS = NO;
				CLANG_CXX_LANGUAGE_STANDARD = "gnu++0x";
				CLANG_CXX_LIBRARY = "libc++";
				CLANG_ENABLE_MODULES = YES;
				CLANG_ENABLE_OBJC_ARC = YES;
				CLANG_WARN_BOOL_CONVERSION = YES;
				CLANG_WARN_CONSTANT_CONVERSION = YES;
				CLANG_WARN_DIRECT_OBJC_ISA_USAGE = YES_ERROR;
				CLANG_WARN_EMPTY_BODY = YES;
				CLANG_WARN_ENUM_CONVERSION = YES;
				CLANG_WARN_INT_CONVERSION = YES;
				CLANG_WARN_OBJC_ROOT_CLASS = YES_ERROR;
				CLANG_WARN_UNREACHABLE_CODE = YES;
				CLANG_WARN__DUPLICATE_METHOD_MATCH = YES;
				"CODE_SIGN_IDENTITY[sdk=iphoneos*]" = "iPhone Developer";
				COPY_PHASE_STRIP = NO;
				DEBUG_INFORMATION_FORMAT = "dwarf-with-dsym";
				ENABLE_STRICT_OBJC_MSGSEND = YES;
				GCC_C_LANGUAGE_STANDARD = gnu99;
				GCC_DYNAMIC_NO_PIC = NO;
				GCC_NO_COMMON_BLOCKS = YES;
				GCC_OPTIMIZATION_LEVEL = 0;
				GCC_PREPROCESSOR_DEFINITIONS = (
					"DEBUG=1",
					"$(inherited)",
				);
				GCC_SYMBOLS_PRIVATE_EXTERN = NO;
				GCC_WARN_64_TO_32_BIT_CONVERSION = YES;
				GCC_WARN_ABOUT_RETURN_TYPE = YES_ERROR;
				GCC_WARN_UNDECLARED_SELECTOR = YES;
				GCC_WARN_UNINITIALIZED_AUTOS = YES_AGGRESSIVE;
				GCC_WARN_UNUSED_FUNCTION = YES;
				GCC_WARN_UNUSED_VARIABLE = YES;
				IPHONEOS_DEPLOYMENT_TARGET = 8.4;
				MTL_ENABLE_DEBUG_INFO = YES;
				ONLY_ACTIVE_ARCH = YES;
				SDKROOT = iphoneos;
			};
			name = Debug;
		};
		9EA553971B663E10001D6AFE /* Release */ = {
			isa = XCBuildConfiguration;
			buildSettings = {
				ALWAYS_SEARCH_USER_PATHS = NO;
				CLANG_CXX_LANGUAGE_STANDARD = "gnu++0x";
				CLANG_CXX_LIBRARY = "libc++";
				CLANG_ENABLE_MODULES = YES;
				CLANG_ENABLE_OBJC_ARC = YES;
				CLANG_WARN_BOOL_CONVERSION = YES;
				CLANG_WARN_CONSTANT_CONVERSION = YES;
				CLANG_WARN_DIRECT_OBJC_ISA_USAGE = YES_ERROR;
				CLANG_WARN_EMPTY_BODY = YES;
				CLANG_WARN_ENUM_CONVERSION = YES;
				CLANG_WARN_INT_CONVERSION = YES;
				CLANG_WARN_OBJC_ROOT_CLASS = YES_ERROR;
				CLANG_WARN_UNREACHABLE_CODE = YES;
				CLANG_WARN__DUPLICATE_METHOD_MATCH = YES;
				"CODE_SIGN_IDENTITY[sdk=iphoneos*]" = "iPhone Developer";
				COPY_PHASE_STRIP = NO;
				DEBUG_INFORMATION_FORMAT = "dwarf-with-dsym";
				ENABLE_NS_ASSERTIONS = NO;
				ENABLE_STRICT_OBJC_MSGSEND = YES;
				GCC_C_LANGUAGE_STANDARD = gnu99;
				GCC_NO_COMMON_BLOCKS = YES;
				GCC_WARN_64_TO_32_BIT_CONVERSION = YES;
				GCC_WARN_ABOUT_RETURN_TYPE = YES_ERROR;
				GCC_WARN_UNDECLARED_SELECTOR = YES;
				GCC_WARN_UNINITIALIZED_AUTOS = YES_AGGRESSIVE;
				GCC_WARN_UNUSED_FUNCTION = YES;
				GCC_WARN_UNUSED_VARIABLE = YES;
				IPHONEOS_DEPLOYMENT_TARGET = 8.4;
				MTL_ENABLE_DEBUG_INFO = NO;
				SDKROOT = iphoneos;
				VALIDATE_PRODUCT = YES;
			};
			name = Release;
		};
		9EA553991B663E10001D6AFE /* Debug */ = {
			isa = XCBuildConfiguration;
			buildSettings = {
				ASSETCATALOG_COMPILER_APPICON_NAME = AppIcon;
				FRAMEWORK_SEARCH_PATHS = (
					"$(inherited)",
					/Users/karan/Documents/FacebookSDK,
					"$(PROJECT_DIR)",
				);
				INFOPLIST_FILE = iWardrobe/Info.plist;
				LD_RUNPATH_SEARCH_PATHS = "$(inherited) @executable_path/Frameworks";
				PRODUCT_NAME = "$(TARGET_NAME)";
			};
			name = Debug;
		};
		9EA5539A1B663E10001D6AFE /* Release */ = {
			isa = XCBuildConfiguration;
			buildSettings = {
				ASSETCATALOG_COMPILER_APPICON_NAME = AppIcon;
				FRAMEWORK_SEARCH_PATHS = (
					"$(inherited)",
					/Users/karan/Documents/FacebookSDK,
					"$(PROJECT_DIR)",
				);
				INFOPLIST_FILE = iWardrobe/Info.plist;
				LD_RUNPATH_SEARCH_PATHS = "$(inherited) @executable_path/Frameworks";
				PRODUCT_NAME = "$(TARGET_NAME)";
			};
			name = Release;
		};
		9EA5539C1B663E10001D6AFE /* Debug */ = {
			isa = XCBuildConfiguration;
			buildSettings = {
				BUNDLE_LOADER = "$(TEST_HOST)";
				FRAMEWORK_SEARCH_PATHS = (
					"$(SDKROOT)/Developer/Library/Frameworks",
					"$(inherited)",
				);
				GCC_PREPROCESSOR_DEFINITIONS = (
					"DEBUG=1",
					"$(inherited)",
				);
				INFOPLIST_FILE = iWardrobeTests/Info.plist;
				LD_RUNPATH_SEARCH_PATHS = "$(inherited) @executable_path/Frameworks @loader_path/Frameworks";
				PRODUCT_NAME = "$(TARGET_NAME)";
				TEST_HOST = "$(BUILT_PRODUCTS_DIR)/iWardrobe.app/iWardrobe";
			};
			name = Debug;
		};
		9EA5539D1B663E10001D6AFE /* Release */ = {
			isa = XCBuildConfiguration;
			buildSettings = {
				BUNDLE_LOADER = "$(TEST_HOST)";
				FRAMEWORK_SEARCH_PATHS = (
					"$(SDKROOT)/Developer/Library/Frameworks",
					"$(inherited)",
				);
				INFOPLIST_FILE = iWardrobeTests/Info.plist;
				LD_RUNPATH_SEARCH_PATHS = "$(inherited) @executable_path/Frameworks @loader_path/Frameworks";
				PRODUCT_NAME = "$(TARGET_NAME)";
				TEST_HOST = "$(BUILT_PRODUCTS_DIR)/iWardrobe.app/iWardrobe";
			};
			name = Release;
		};
/* End XCBuildConfiguration section */

/* Begin XCConfigurationList section */
		9EA553701B663E10001D6AFE /* Build configuration list for PBXProject "iWardrobe" */ = {
			isa = XCConfigurationList;
			buildConfigurations = (
				9EA553961B663E10001D6AFE /* Debug */,
				9EA553971B663E10001D6AFE /* Release */,
			);
			defaultConfigurationIsVisible = 0;
			defaultConfigurationName = Release;
		};
		9EA553981B663E10001D6AFE /* Build configuration list for PBXNativeTarget "iWardrobe" */ = {
			isa = XCConfigurationList;
			buildConfigurations = (
				9EA553991B663E10001D6AFE /* Debug */,
				9EA5539A1B663E10001D6AFE /* Release */,
			);
			defaultConfigurationIsVisible = 0;
			defaultConfigurationName = Release;
		};
		9EA5539B1B663E10001D6AFE /* Build configuration list for PBXNativeTarget "iWardrobeTests" */ = {
			isa = XCConfigurationList;
			buildConfigurations = (
				9EA5539C1B663E10001D6AFE /* Debug */,
				9EA5539D1B663E10001D6AFE /* Release */,
			);
			defaultConfigurationIsVisible = 0;
			defaultConfigurationName = Release;
		};
/* End XCConfigurationList section */
	};
	rootObject = 9EA5536D1B663E10001D6AFE /* Project object */;
}
